
Microsoft Visual Studio Solution File, Format Version 12.00
# Visual Studio Version 17
VisualStudioVersion = 17.7.34031.279
MinimumVisualStudioVersion = 10.0.40219.1
Project("{FAE04EC0-301F-11D3-BF4B-00C04F79EFBC}") = "1. Reverse a String", "1. Reverse a String\1. Reverse a String.csproj", "{12858E20-CFDF-449F-932D-C31F9B8A336C}"
EndProject
Global
	GlobalSection(SolutionConfigurationPlatforms) = preSolution
		Debug|Any CPU = Debug|Any CPU
		Release|Any CPU = Release|Any CPU
	EndGlobalSection
	GlobalSection(ProjectConfigurationPlatforms) = postSolution
		{12858E20-CFDF-449F-932D-C31F9B8A336C}.Debug|Any CPU.ActiveCfg = Debug|Any CPU
		{12858E20-CFDF-449F-932D-C31F9B8A336C}.Debug|Any CPU.Build.0 = Debug|Any CPU
		{12858E20-CFDF-449F-932D-C31F9B8A336C}.Release|Any CPU.ActiveCfg = Release|Any CPU
		{12858E20-CFDF-449F-932D-C31F9B8A336C}.Release|Any CPU.Build.0 = Release|Any CPU
	EndGlobalSection
	GlobalSection(SolutionProperties) = preSolution
		HideSolutionNode = FALSE
	EndGlobalSection
	GlobalSection(ExtensibilityGlobals) = postSolution
		SolutionGuid = {5DDD5EC8-2C39-47B0-B2F7-E29725BFCC64}
	EndGlobalSection
EndGlobal
